// !$*UTF8*$!
{
	archiveVersion = 1;
	classes = {
	};
	objectVersion = 46;
	objects = {

/* Begin PBXBuildFile section */
		A87D37511C84CF5100E2772D /* AppDelegate.swift in Sources */ = {isa = PBXBuildFile; fileRef = A87D37501C84CF5100E2772D /* AppDelegate.swift */; };
		A87D37531C84CF5100E2772D /* ViewController.swift in Sources */ = {isa = PBXBuildFile; fileRef = A87D37521C84CF5100E2772D /* ViewController.swift */; };
		A87D37561C84CF5100E2772D /* Main.storyboard in Resources */ = {isa = PBXBuildFile; fileRef = A87D37541C84CF5100E2772D /* Main.storyboard */; };
		A87D37581C84CF5100E2772D /* Assets.xcassets in Resources */ = {isa = PBXBuildFile; fileRef = A87D37571C84CF5100E2772D /* Assets.xcassets */; };
		A87D375B1C84CF5100E2772D /* LaunchScreen.storyboard in Resources */ = {isa = PBXBuildFile; fileRef = A87D37591C84CF5100E2772D /* LaunchScreen.storyboard */; };
		A87D37661C84CF5200E2772D /* SideMenuTask4Tests.swift in Sources */ = {isa = PBXBuildFile; fileRef = A87D37651C84CF5200E2772D /* SideMenuTask4Tests.swift */; };
		A87D37711C84CF5200E2772D /* SideMenuTask4UITests.swift in Sources */ = {isa = PBXBuildFile; fileRef = A87D37701C84CF5200E2772D /* SideMenuTask4UITests.swift */; };
/* End PBXBuildFile section */

/* Begin PBXContainerItemProxy section */
		A87D37621C84CF5200E2772D /* PBXContainerItemProxy */ = {
			isa = PBXContainerItemProxy;
			containerPortal = A87D37451C84CF5100E2772D /* Project object */;
			proxyType = 1;
			remoteGlobalIDString = A87D374C1C84CF5100E2772D;
			remoteInfo = SideMenuTask4;
		};
		A87D376D1C84CF5200E2772D /* PBXContainerItemProxy */ = {
			isa = PBXContainerItemProxy;
			containerPortal = A87D37451C84CF5100E2772D /* Project object */;
			proxyType = 1;
			remoteGlobalIDString = A87D374C1C84CF5100E2772D;
			remoteInfo = SideMenuTask4;
		};
/* End PBXContainerItemProxy section */

/* Begin PBXFileReference section */
		A87D374D1C84CF5100E2772D /* SideMenuTask4.app */ = {isa = PBXFileReference; explicitFileType = wrapper.application; includeInIndex = 0; path = SideMenuTask4.app; sourceTree = BUILT_PRODUCTS_DIR; };
		A87D37501C84CF5100E2772D /* AppDelegate.swift */ = {isa = PBXFileReference; lastKnownFileType = sourcecode.swift; path = AppDelegate.swift; sourceTree = "<group>"; };
		A87D37521C84CF5100E2772D /* ViewController.swift */ = {isa = PBXFileReference; lastKnownFileType = sourcecode.swift; path = ViewController.swift; sourceTree = "<group>"; };
		A87D37551C84CF5100E2772D /* Base */ = {isa = PBXFileReference; lastKnownFileType = file.storyboard; name = Base; path = Base.lproj/Main.storyboard; sourceTree = "<group>"; };
		A87D37571C84CF5100E2772D /* Assets.xcassets */ = {isa = PBXFileReference; lastKnownFileType = folder.assetcatalog; path = Assets.xcassets; sourceTree = "<group>"; };
		A87D375A1C84CF5100E2772D /* Base */ = {isa = PBXFileReference; lastKnownFileType = file.storyboard; name = Base; path = Base.lproj/LaunchScreen.storyboard; sourceTree = "<group>"; };
		A87D375C1C84CF5100E2772D /* Info.plist */ = {isa = PBXFileReference; lastKnownFileType = text.plist.xml; path = Info.plist; sourceTree = "<group>"; };
		A87D37611C84CF5200E2772D /* SideMenuTask4Tests.xctest */ = {isa = PBXFileReference; explicitFileType = wrapper.cfbundle; includeInIndex = 0; path = SideMenuTask4Tests.xctest; sourceTree = BUILT_PRODUCTS_DIR; };
		A87D37651C84CF5200E2772D /* SideMenuTask4Tests.swift */ = {isa = PBXFileReference; lastKnownFileType = sourcecode.swift; path = SideMenuTask4Tests.swift; sourceTree = "<group>"; };
		A87D37671C84CF5200E2772D /* Info.plist */ = {isa = PBXFileReference; lastKnownFileType = text.plist.xml; path = Info.plist; sourceTree = "<group>"; };
		A87D376C1C84CF5200E2772D /* SideMenuTask4UITests.xctest */ = {isa = PBXFileReference; explicitFileType = wrapper.cfbundle; includeInIndex = 0; path = SideMenuTask4UITests.xctest; sourceTree = BUILT_PRODUCTS_DIR; };
		A87D37701C84CF5200E2772D /* SideMenuTask4UITests.swift */ = {isa = PBXFileReference; lastKnownFileType = sourcecode.swift; path = SideMenuTask4UITests.swift; sourceTree = "<group>"; };
		A87D37721C84CF5200E2772D /* Info.plist */ = {isa = PBXFileReference; lastKnownFileType = text.plist.xml; path = Info.plist; sourceTree = "<group>"; };
/* End PBXFileReference section */

/* Begin PBXFrameworksBuildPhase section */
		A87D374A1C84CF5100E2772D /* Frameworks */ = {
			isa = PBXFrameworksBuildPhase;
			buildActionMask = 2147483647;
			files = (
			);
			runOnlyForDeploymentPostprocessing = 0;
		};
		A87D375E1C84CF5200E2772D /* Frameworks */ = {
			isa = PBXFrameworksBuildPhase;
			buildActionMask = 2147483647;
			files = (
			);
			runOnlyForDeploymentPostprocessing = 0;
		};
		A87D37691C84CF5200E2772D /* Frameworks */ = {
			isa = PBXFrameworksBuildPhase;
			buildActionMask = 2147483647;
			files = (
			);
			runOnlyForDeploymentPostprocessing = 0;
		};
/* End PBXFrameworksBuildPhase section */

/* Begin PBXGroup section */
		A87D37441C84CF5100E2772D = {
			isa = PBXGroup;
			children = (
				A87D374F1C84CF5100E2772D /* SideMenuTask4 */,
				A87D37641C84CF5200E2772D /* SideMenuTask4Tests */,
				A87D376F1C84CF5200E2772D /* SideMenuTask4UITests */,
				A87D374E1C84CF5100E2772D /* Products */,
			);
			sourceTree = "<group>";
		};
		A87D374E1C84CF5100E2772D /* Products */ = {
			isa = PBXGroup;
			children = (
				A87D374D1C84CF5100E2772D /* SideMenuTask4.app */,
				A87D37611C84CF5200E2772D /* SideMenuTask4Tests.xctest */,
				A87D376C1C84CF5200E2772D /* SideMenuTask4UITests.xctest */,
			);
			name = Products;
			sourceTree = "<group>";
		};
		A87D374F1C84CF5100E2772D /* SideMenuTask4 */ = {
			isa = PBXGroup;
			children = (
				A87D37501C84CF5100E2772D /* AppDelegate.swift */,
				A87D37521C84CF5100E2772D /* ViewController.swift */,
				A87D37541C84CF5100E2772D /* Main.storyboard */,
				A87D37571C84CF5100E2772D /* Assets.xcassets */,
				A87D37591C84CF5100E2772D /* LaunchScreen.storyboard */,
				A87D375C1C84CF5100E2772D /* Info.plist */,
			);
			path = SideMenuTask4;
			sourceTree = "<group>";
		};
		A87D37641C84CF5200E2772D /* SideMenuTask4Tests */ = {
			isa = PBXGroup;
			children = (
				A87D37651C84CF5200E2772D /* SideMenuTask4Tests.swift */,
				A87D37671C84CF5200E2772D /* Info.plist */,
			);
			path = SideMenuTask4Tests;
			sourceTree = "<group>";
		};
		A87D376F1C84CF5200E2772D /* SideMenuTask4UITests */ = {
			isa = PBXGroup;
			children = (
				A87D37701C84CF5200E2772D /* SideMenuTask4UITests.swift */,
				A87D37721C84CF5200E2772D /* Info.plist */,
			);
			path = SideMenuTask4UITests;
			sourceTree = "<group>";
		};
/* End PBXGroup section */

/* Begin PBXNativeTarget section */
		A87D374C1C84CF5100E2772D /* SideMenuTask4 */ = {
			isa = PBXNativeTarget;
			buildConfigurationList = A87D37751C84CF5200E2772D /* Build configuration list for PBXNativeTarget "SideMenuTask4" */;
			buildPhases = (
				A87D37491C84CF5100E2772D /* Sources */,
				A87D374A1C84CF5100E2772D /* Frameworks */,
				A87D374B1C84CF5100E2772D /* Resources */,
			);
			buildRules = (
			);
			dependencies = (
			);
			name = SideMenuTask4;
			productName = SideMenuTask4;
			productReference = A87D374D1C84CF5100E2772D /* SideMenuTask4.app */;
			productType = "com.apple.product-type.application";
		};
		A87D37601C84CF5200E2772D /* SideMenuTask4Tests */ = {
			isa = PBXNativeTarget;
			buildConfigurationList = A87D37781C84CF5200E2772D /* Build configuration list for PBXNativeTarget "SideMenuTask4Tests" */;
			buildPhases = (
				A87D375D1C84CF5200E2772D /* Sources */,
				A87D375E1C84CF5200E2772D /* Frameworks */,
				A87D375F1C84CF5200E2772D /* Resources */,
			);
			buildRules = (
			);
			dependencies = (
				A87D37631C84CF5200E2772D /* PBXTargetDependency */,
			);
			name = SideMenuTask4Tests;
			productName = SideMenuTask4Tests;
			productReference = A87D37611C84CF5200E2772D /* SideMenuTask4Tests.xctest */;
			productType = "com.apple.product-type.bundle.unit-test";
		};
		A87D376B1C84CF5200E2772D /* SideMenuTask4UITests */ = {
			isa = PBXNativeTarget;
			buildConfigurationList = A87D377B1C84CF5200E2772D /* Build configuration list for PBXNativeTarget "SideMenuTask4UITests" */;
			buildPhases = (
				A87D37681C84CF5200E2772D /* Sources */,
				A87D37691C84CF5200E2772D /* Frameworks */,
				A87D376A1C84CF5200E2772D /* Resources */,
			);
			buildRules = (
			);
			dependencies = (
				A87D376E1C84CF5200E2772D /* PBXTargetDependency */,
			);
			name = SideMenuTask4UITests;
			productName = SideMenuTask4UITests;
			productReference = A87D376C1C84CF5200E2772D /* SideMenuTask4UITests.xctest */;
			productType = "com.apple.product-type.bundle.ui-testing";
		};
/* End PBXNativeTarget section */

/* Begin PBXProject section */
		A87D37451C84CF5100E2772D /* Project object */ = {
			isa = PBXProject;
			attributes = {
				LastSwiftUpdateCheck = 0720;
				LastUpgradeCheck = 0720;
				ORGANIZATIONNAME = Mayank;
				TargetAttributes = {
					A87D374C1C84CF5100E2772D = {
						CreatedOnToolsVersion = 7.2.1;
					};
					A87D37601C84CF5200E2772D = {
						CreatedOnToolsVersion = 7.2.1;
						TestTargetID = A87D374C1C84CF5100E2772D;
					};
					A87D376B1C84CF5200E2772D = {
						CreatedOnToolsVersion = 7.2.1;
						TestTargetID = A87D374C1C84CF5100E2772D;
					};
				};
			};
			buildConfigurationList = A87D37481C84CF5100E2772D /* Build configuration list for PBXProject "SideMenuTask4" */;
			compatibilityVersion = "Xcode 3.2";
			developmentRegion = English;
			hasScannedForEncodings = 0;
			knownRegions = (
				en,
				Base,
			);
			mainGroup = A87D37441C84CF5100E2772D;
			productRefGroup = A87D374E1C84CF5100E2772D /* Products */;
			projectDirPath = "";
			projectRoot = "";
			targets = (
				A87D374C1C84CF5100E2772D /* SideMenuTask4 */,
				A87D37601C84CF5200E2772D /* SideMenuTask4Tests */,
				A87D376B1C84CF5200E2772D /* SideMenuTask4UITests */,
			);
		};
/* End PBXProject section */

/* Begin PBXResourcesBuildPhase section */
		A87D374B1C84CF5100E2772D /* Resources */ = {
			isa = PBXResourcesBuildPhase;
			buildActionMask = 2147483647;
			files = (
				A87D375B1C84CF5100E2772D /* LaunchScreen.storyboard in Resources */,
				A87D37581C84CF5100E2772D /* Assets.xcassets in Resources */,
				A87D37561C84CF5100E2772D /* Main.storyboard in Resources */,
			);
			runOnlyForDeploymentPostprocessing = 0;
		};
		A87D375F1C84CF5200E2772D /* Resources */ = {
			isa = PBXResourcesBuildPhase;
			buildActionMask = 2147483647;
			files = (
			);
			runOnlyForDeploymentPostprocessing = 0;
		};
		A87D376A1C84CF5200E2772D /* Resources */ = {
			isa = PBXResourcesBuildPhase;
			buildActionMask = 2147483647;
			files = (
			);
			runOnlyForDeploymentPostprocessing = 0;
		};
/* End PBXResourcesBuildPhase section */

/* Begin PBXSourcesBuildPhase section */
		A87D37491C84CF5100E2772D /* Sources */ = {
			isa = PBXSourcesBuildPhase;
			buildActionMask = 2147483647;
			files = (
				A87D37531C84CF5100E2772D /* ViewController.swift in Sources */,
				A87D37511C84CF5100E2772D /* AppDelegate.swift in Sources */,
			);
			runOnlyForDeploymentPostprocessing = 0;
		};
		A87D375D1C84CF5200E2772D /* Sources */ = {
			isa = PBXSourcesBuildPhase;
			buildActionMask = 2147483647;
			files = (
				A87D37661C84CF5200E2772D /* SideMenuTask4Tests.swift in Sources */,
			);
			runOnlyForDeploymentPostprocessing = 0;
		};
		A87D37681C84CF5200E2772D /* Sources */ = {
			isa = PBXSourcesBuildPhase;
			buildActionMask = 2147483647;
			files = (
				A87D37711C84CF5200E2772D /* SideMenuTask4UITests.swift in Sources */,
			);
			runOnlyForDeploymentPostprocessing = 0;
		};
/* End PBXSourcesBuildPhase section */

/* Begin PBXTargetDependency section */
		A87D37631C84CF5200E2772D /* PBXTargetDependency */ = {
			isa = PBXTargetDependency;
			target = A87D374C1C84CF5100E2772D /* SideMenuTask4 */;
			targetProxy = A87D37621C84CF5200E2772D /* PBXContainerItemProxy */;
		};
		A87D376E1C84CF5200E2772D /* PBXTargetDependency */ = {
			isa = PBXTargetDependency;
			target = A87D374C1C84CF5100E2772D /* SideMenuTask4 */;
			targetProxy = A87D376D1C84CF5200E2772D /* PBXContainerItemProxy */;
		};
/* End PBXTargetDependency section */

/* Begin PBXVariantGroup section */
		A87D37541C84CF5100E2772D /* Main.storyboard */ = {
			isa = PBXVariantGroup;
			children = (
				A87D37551C84CF5100E2772D /* Base */,
			);
			name = Main.storyboard;
			sourceTree = "<group>";
		};
		A87D37591C84CF5100E2772D /* LaunchScreen.storyboard */ = {
			isa = PBXVariantGroup;
			children = (
				A87D375A1C84CF5100E2772D /* Base */,
			);
			name = LaunchScreen.storyboard;
			sourceTree = "<group>";
		};
/* End PBXVariantGroup section */

/* Begin XCBuildConfiguration section */
		A87D37731C84CF5200E2772D /* Debug */ = {
			isa = XCBuildConfiguration;
			buildSettings = {
				ALWAYS_SEARCH_USER_PATHS = NO;
				CLANG_CXX_LANGUAGE_STANDARD = "gnu++0x";
				CLANG_CXX_LIBRARY = "libc++";
				CLANG_ENABLE_MODULES = YES;
				CLANG_ENABLE_OBJC_ARC = YES;
				CLANG_WARN_BOOL_CONVERSION = YES;
				CLANG_WARN_CONSTANT_CONVERSION = YES;
				CLANG_WARN_DIRECT_OBJC_ISA_USAGE = YES_ERROR;
				CLANG_WARN_EMPTY_BODY = YES;
				CLANG_WARN_ENUM_CONVERSION = YES;
				CLANG_WARN_INT_CONVERSION = YES;
				CLANG_WARN_OBJC_ROOT_CLASS = YES_ERROR;
				CLANG_WARN_UNREACHABLE_CODE = YES;
				CLANG_WARN__DUPLICATE_METHOD_MATCH = YES;
				"CODE_SIGN_IDENTITY[sdk=iphoneos*]" = "iPhone Developer";
				COPY_PHASE_STRIP = NO;
				DEBUG_INFORMATION_FORMAT = dwarf;
				ENABLE_STRICT_OBJC_MSGSEND = YES;
				ENABLE_TESTABILITY = YES;
				GCC_C_LANGUAGE_STANDARD = gnu99;
				GCC_DYNAMIC_NO_PIC = NO;
				GCC_NO_COMMON_BLOCKS = YES;
				GCC_OPTIMIZATION_LEVEL = 0;
				GCC_PREPROCESSOR_DEFINITIONS = (
					"DEBUG=1",
					"$(inherited)",
				);
				GCC_WARN_64_TO_32_BIT_CONVERSION = YES;
				GCC_WARN_ABOUT_RETURN_TYPE = YES_ERROR;
				GCC_WARN_UNDECLARED_SELECTOR = YES;
				GCC_WARN_UNINITIALIZED_AUTOS = YES_AGGRESSIVE;
				GCC_WARN_UNUSED_FUNCTION = YES;
				GCC_WARN_UNUSED_VARIABLE = YES;
				IPHONEOS_DEPLOYMENT_TARGET = 9.2;
				MTL_ENABLE_DEBUG_INFO = YES;
				ONLY_ACTIVE_ARCH = YES;
				SDKROOT = iphoneos;
				SWIFT_OPTIMIZATION_LEVEL = "-Onone";
				TARGETED_DEVICE_FAMILY = "1,2";
			};
			name = Debug;
		};
		A87D37741C84CF5200E2772D /* Release */ = {
			isa = XCBuildConfiguration;
			buildSettings = {
				ALWAYS_SEARCH_USER_PATHS = NO;
				CLANG_CXX_LANGUAGE_STANDARD = "gnu++0x";
				CLANG_CXX_LIBRARY = "libc++";
				CLANG_ENABLE_MODULES = YES;
				CLANG_ENABLE_OBJC_ARC = YES;
				CLANG_WARN_BOOL_CONVERSION = YES;
				CLANG_WARN_CONSTANT_CONVERSION = YES;
				CLANG_WARN_DIRECT_OBJC_ISA_USAGE = YES_ERROR;
				CLANG_WARN_EMPTY_BODY = YES;
				CLANG_WARN_ENUM_CONVERSION = YES;
				CLANG_WARN_INT_CONVERSION = YES;
				CLANG_WARN_OBJC_ROOT_CLASS = YES_ERROR;
				CLANG_WARN_UNREACHABLE_CODE = YES;
				CLANG_WARN__DUPLICATE_METHOD_MATCH = YES;
				"CODE_SIGN_IDENTITY[sdk=iphoneos*]" = "iPhone Developer";
				COPY_PHASE_STRIP = NO;
				DEBUG_INFORMATION_FORMAT = "dwarf-with-dsym";
				ENABLE_NS_ASSERTIONS = NO;
				ENABLE_STRICT_OBJC_MSGSEND = YES;
				GCC_C_LANGUAGE_STANDARD = gnu99;
				GCC_NO_COMMON_BLOCKS = YES;
				GCC_WARN_64_TO_32_BIT_CONVERSION = YES;
				GCC_WARN_ABOUT_RETURN_TYPE = YES_ERROR;
				GCC_WARN_UNDECLARED_SELECTOR = YES;
				GCC_WARN_UNINITIALIZED_AUTOS = YES_AGGRESSIVE;
				GCC_WARN_UNUSED_FUNCTION = YES;
				GCC_WARN_UNUSED_VARIABLE = YES;
				IPHONEOS_DEPLOYMENT_TARGET = 9.2;
				MTL_ENABLE_DEBUG_INFO = NO;
				SDKROOT = iphoneos;
				TARGETED_DEVICE_FAMILY = "1,2";
				VALIDATE_PRODUCT = YES;
			};
			name = Release;
		};
		A87D37761C84CF5200E2772D /* Debug */ = {
			isa = XCBuildConfiguration;
			buildSettings = {
				ASSETCATALOG_COMPILER_APPICON_NAME = AppIcon;
				INFOPLIST_FILE = SideMenuTask4/Info.plist;
				LD_RUNPATH_SEARCH_PATHS = "$(inherited) @executable_path/Frameworks";
				PRODUCT_BUNDLE_IDENTIFIER = com.CodeBrewLabs.SideMenuTask4;
				PRODUCT_NAME = "$(TARGET_NAME)";
			};
			name = Debug;
		};
		A87D37771C84CF5200E2772D /* Release */ = {
			isa = XCBuildConfiguration;
			buildSettings = {
				ASSETCATALOG_COMPILER_APPICON_NAME = AppIcon;
				INFOPLIST_FILE = SideMenuTask4/Info.plist;
				LD_RUNPATH_SEARCH_PATHS = "$(inherited) @executable_path/Frameworks";
				PRODUCT_BUNDLE_IDENTIFIER = com.CodeBrewLabs.SideMenuTask4;
				PRODUCT_NAME = "$(TARGET_NAME)";
			};
			name = Release;
		};
		A87D37791C84CF5200E2772D /* Debug */ = {
			isa = XCBuildConfiguration;
			buildSettings = {
				BUNDLE_LOADER = "$(TEST_HOST)";
				INFOPLIST_FILE = SideMenuTask4Tests/Info.plist;
				LD_RUNPATH_SEARCH_PATHS = "$(inherited) @executable_path/Frameworks @loader_path/Frameworks";
				PRODUCT_BUNDLE_IDENTIFIER = com.CodeBrewLabs.SideMenuTask4Tests;
				PRODUCT_NAME = "$(TARGET_NAME)";
				TEST_HOST = "$(BUILT_PRODUCTS_DIR)/SideMenuTask4.app/SideMenuTask4";
			};
			name = Debug;
		};
		A87D377A1C84CF5200E2772D /* Release */ = {
			isa = XCBuildConfiguration;
			buildSettings = {
				BUNDLE_LOADER = "$(TEST_HOST)";
				INFOPLIST_FILE = SideMenuTask4Tests/Info.plist;
				LD_RUNPATH_SEARCH_PATHS = "$(inherited) @executable_path/Frameworks @loader_path/Frameworks";
				PRODUCT_BUNDLE_IDENTIFIER = com.CodeBrewLabs.SideMenuTask4Tests;
				PRODUCT_NAME = "$(TARGET_NAME)";
				TEST_HOST = "$(BUILT_PRODUCTS_DIR)/SideMenuTask4.app/SideMenuTask4";
			};
			name = Release;
		};
		A87D377C1C84CF5200E2772D /* Debug */ = {
			isa = XCBuildConfiguration;
			buildSettings = {
				INFOPLIST_FILE = SideMenuTask4UITests/Info.plist;
				LD_RUNPATH_SEARCH_PATHS = "$(inherited) @executable_path/Frameworks @loader_path/Frameworks";
				PRODUCT_BUNDLE_IDENTIFIER = com.CodeBrewLabs.SideMenuTask4UITests;
				PRODUCT_NAME = "$(TARGET_NAME)";
				TEST_TARGET_NAME = SideMenuTask4;
				USES_XCTRUNNER = YES;
			};
			name = Debug;
		};
		A87D377D1C84CF5200E2772D /* Release */ = {
			isa = XCBuildConfiguration;
			buildSettings = {
				INFOPLIST_FILE = SideMenuTask4UITests/Info.plist;
				LD_RUNPATH_SEARCH_PATHS = "$(inherited) @executable_path/Frameworks @loader_path/Frameworks";
				PRODUCT_BUNDLE_IDENTIFIER = com.CodeBrewLabs.SideMenuTask4UITests;
				PRODUCT_NAME = "$(TARGET_NAME)";
				TEST_TARGET_NAME = SideMenuTask4;
				USES_XCTRUNNER = YES;
			};
			name = Release;
		};
/* End XCBuildConfiguration section */

/* Begin XCConfigurationList section */
		A87D37481C84CF5100E2772D /* Build configuration list for PBXProject "SideMenuTask4" */ = {
			isa = XCConfigurationList;
			buildConfigurations = (
				A87D37731C84CF5200E2772D /* Debug */,
				A87D37741C84CF5200E2772D /* Release */,
			);
			defaultConfigurationIsVisible = 0;
			defaultConfigurationName = Release;
		};
		A87D37751C84CF5200E2772D /* Build configuration list for PBXNativeTarget "SideMenuTask4" */ = {
			isa = XCConfigurationList;
			buildConfigurations = (
				A87D37761C84CF5200E2772D /* Debug */,
				A87D37771C84CF5200E2772D /* Release */,
			);
			defaultConfigurationIsVisible = 0;
		};
		A87D37781C84CF5200E2772D /* Build configuration list for PBXNativeTarget "SideMenuTask4Tests" */ = {
			isa = XCConfigurationList;
			buildConfigurations = (
				A87D37791C84CF5200E2772D /* Debug */,
				A87D377A1C84CF5200E2772D /* Release */,
			);
			defaultConfigurationIsVisible = 0;
		};
		A87D377B1C84CF5200E2772D /* Build configuration list for PBXNativeTarget "SideMenuTask4UITests" */ = {
			isa = XCConfigurationList;
			buildConfigurations = (
				A87D377C1C84CF5200E2772D /* Debug */,
				A87D377D1C84CF5200E2772D /* Release */,
			);
			defaultConfigurationIsVisible = 0;
		};
/* End XCConfigurationList section */
	};
	rootObject = A87D37451C84CF5100E2772D /* Project object */;
}
